{
  "name": "cve-2020-7740",
  "version": "1.0.0",
  "lockfileVersion": 2,
  "requires": true,
  "packages": {
    "": {
      "name": "cve-2020-7740",
      "version": "1.0.0",
      "license": "ISC",
      "dependencies": {
        "node-pdf-generator": "^0.0.6"
      }
    },
    "node_modules/async": {
      "version": "0.2.9",
      "resolved": "https://registry.npmjs.org/async/-/async-0.2.9.tgz",
      "integrity": "sha1-32MGD789Myhqdqr21Vophtn/hhk="
    },
    "node_modules/ini": {
      "version": "1.3.8",
      "resolved": "https://registry.npmjs.org/ini/-/ini-1.3.8.tgz",
      "integrity": "sha512-JV/yugV2uzW5iMRSiZAyDtQd+nxtUnjeLt0acNdw98kKLrvuRVyB80tsREOE7yvGVgalhZ6RNXCmEHkUKBKxew=="
    },
    "node_modules/minimist": {
      "version": "0.0.10",
      "resolved": "https://registry.npmjs.org/minimist/-/minimist-0.0.10.tgz",
      "integrity": "sha1-3j+YVD2/lggr5IrRoMfNqDYwHc8="
    },
    "node_modules/nconf": {
      "version": "0.6.9",
      "resolved": "https://registry.npmjs.org/nconf/-/nconf-0.6.9.tgz",
      "integrity": "sha1-lXDvFe1vmuays8jV5xtm0xk81mE=",
      "dependencies": {
        "async": "0.2.9",
        "ini": "1.x.x",
        "optimist": "0.6.0"
      },
      "engines": {
        "node": ">= 0.4.0"
      }
    },
    "node_modules/node-pdf-generator": {
      "version": "0.0.6",
      "resolved": "https://registry.npmjs.org/node-pdf-generator/-/node-pdf-generator-0.0.6.tgz",
      "integrity": "sha1-ciguCOlo7tRi9Ft/iW0ejYgTP0U=",
      "dependencies": {
        "nconf": "~0.6.9",
        "wkhtmltopdf": "~0.1.4"
      }
    },
    "node_modules/optimist": {
      "version": "0.6.0",
      "resolved": "https://registry.npmjs.org/optimist/-/optimist-0.6.0.tgz",
      "integrity": "sha1-aUJIJvNAX3nxQub8PZrljU27kgA=",
      "dependencies": {
        "minimist": "~0.0.1",
        "wordwrap": "~0.0.2"
      }
    },
    "node_modules/slang": {
      "version": "0.3.0",
      "resolved": "https://registry.npmjs.org/slang/-/slang-0.3.0.tgz",
      "integrity": "sha1-E691tPDAGMaoGT1wT2WyO+T7q9w="
    },
    "node_modules/wkhtmltopdf": {
      "version": "0.1.6",
      "resolved": "https://registry.npmjs.org/wkhtmltopdf/-/wkhtmltopdf-0.1.6.tgz",
      "integrity": "sha1-6duE6xDU7lCkD0w6f1jKPV02XsQ=",
      "dependencies": {
        "slang": ">=0.2"
      },
      "engines": {
        "node": ">=0.6"
      }
    },
    "node_modules/wordwrap": {
      "version": "0.0.3",
      "resolved": "https://registry.npmjs.org/wordwrap/-/wordwrap-0.0.3.tgz",
      "integrity": "sha1-o9XabNXAvAAI03I0u68b7WMFkQc=",
      "engines": {
        "node": ">=0.4.0"
      }
    }
  },
  "dependencies": {
    "async": {
      "version": "0.2.9",
      "resolved": "https://registry.npmjs.org/async/-/async-0.2.9.tgz",
      "integrity": "sha1-32MGD789Myhqdqr21Vophtn/hhk="
    },
    "ini": {
      "version": "1.3.8",
      "resolved": "https://registry.npmjs.org/ini/-/ini-1.3.8.tgz",
      "integrity": "sha512-JV/yugV2uzW5iMRSiZAyDtQd+nxtUnjeLt0acNdw98kKLrvuRVyB80tsREOE7yvGVgalhZ6RNXCmEHkUKBKxew=="
    },
    "minimist": {
      "version": "0.0.10",
      "resolved": "https://registry.npmjs.org/minimist/-/minimist-0.0.10.tgz",
      "integrity": "sha1-3j+YVD2/lggr5IrRoMfNqDYwHc8="
    },
    "nconf": {
      "version": "0.6.9",
      "resolved": "https://registry.npmjs.org/nconf/-/nconf-0.6.9.tgz",
      "integrity": "sha1-lXDvFe1vmuays8jV5xtm0xk81mE=",
      "requires": {
        "async": "0.2.9",
        "ini": "1.x.x",
        "optimist": "0.6.0"
      }
    },
    "node-pdf-generator": {
      "version": "0.0.6",
      "resolved": "https://registry.npmjs.org/node-pdf-generator/-/node-pdf-generator-0.0.6.tgz",
      "integrity": "sha1-ciguCOlo7tRi9Ft/iW0ejYgTP0U=",
      "requires": {
        "nconf": "~0.6.9",
        "wkhtmltopdf": "~0.1.4"
      }
    },
    "optimist": {
      "version": "0.6.0",
      "resolved": "https://registry.npmjs.org/optimist/-/optimist-0.6.0.tgz",
      "integrity": "sha1-aUJIJvNAX3nxQub8PZrljU27kgA=",
      "requires": {
        "minimist": "~0.0.1",
        "wordwrap": "~0.0.2"
      }
    },
    "slang": {
      "version": "0.3.0",
      "resolved": "https://registry.npmjs.org/slang/-/slang-0.3.0.tgz",
      "integrity": "sha1-E691tPDAGMaoGT1wT2WyO+T7q9w="
    },
    "wkhtmltopdf": {
      "version": "0.1.6",
      "resolved": "https://registry.npmjs.org/wkhtmltopdf/-/wkhtmltopdf-0.1.6.tgz",
      "integrity": "sha1-6duE6xDU7lCkD0w6f1jKPV02XsQ=",
      "requires": {
        "slang": ">=0.2"
      }
    },
    "wordwrap": {
      "version": "0.0.3",
      "resolved": "https://registry.npmjs.org/wordwrap/-/wordwrap-0.0.3.tgz",
      "integrity": "sha1-o9XabNXAvAAI03I0u68b7WMFkQc="
    }
  }
}
